Microsoft Visual Studio Solution File, Format Version 12.00
# Visual Studio Version 17
VisualStudioVersion = 17.5.2.0
MinimumVisualStudioVersion = 10.0.40219.1
Project("{FAE04EC0-301F-11D3-BF4B-00C04F79EFBC}") = "CSharpLogic", "CSharpLogic\CSharpLogic.csproj", "{FCE29006-CD99-6931-0C88-C47B0F102A8A}"
EndProject
Global
	GlobalSection(SolutionConfigurationPlatforms) = preSolution
		Debug|Any CPU = Debug|Any CPU
		Release|Any CPU = Release|Any CPU
	EndGlobalSection
	GlobalSection(ProjectConfigurationPlatforms) = postSolution
		{FCE29006-CD99-6931-0C88-C47B0F102A8A}.Debug|Any CPU.ActiveCfg = Debug|Any CPU
		{FCE29006-CD99-6931-0C88-C47B0F102A8A}.Debug|Any CPU.Build.0 = Debug|Any CPU
		{FCE29006-CD99-6931-0C88-C47B0F102A8A}.Release|Any CPU.ActiveCfg = Release|Any CPU
		{FCE29006-CD99-6931-0C88-C47B0F102A8A}.Release|Any CPU.Build.0 = Release|Any CPU
	EndGlobalSection
	GlobalSection(SolutionProperties) = preSolution
		HideSolutionNode = FALSE
	EndGlobalSection
	GlobalSection(ExtensibilityGlobals) = postSolution
		SolutionGuid = {86AF31DA-F261-4334-A481-06A83F5BEDC3}
	EndGlobalSection
EndGlobal
